
Microsoft Visual Studio Solution File, Format Version 12.00
# Visual Studio Version 17
VisualStudioVersion = 17.1.32421.90
MinimumVisualStudioVersion = 10.0.40219.1
Project("{F184B08F-C81C-45F6-A57F-5ABD9991F28F}") = "Teknocom", "Teknocom\Teknocom.vbproj", "{2D116265-1A57-4CAF-9DA3-CE0C10ECB74A}"
EndProject
Global
	GlobalSection(SolutionConfigurationPlatforms) = preSolution
		Debug|Any CPU = Debug|Any CPU
		Release|Any CPU = Release|Any CPU
	EndGlobalSection
	GlobalSection(ProjectConfigurationPlatforms) = postSolution
		{2D116265-1A57-4CAF-9DA3-CE0C10ECB74A}.Debug|Any CPU.ActiveCfg = Debug|Any CPU
		{2D116265-1A57-4CAF-9DA3-CE0C10ECB74A}.Debug|Any CPU.Build.0 = Debug|Any CPU
		{2D116265-1A57-4CAF-9DA3-CE0C10ECB74A}.Release|Any CPU.ActiveCfg = Release|Any CPU
		{2D116265-1A57-4CAF-9DA3-CE0C10ECB74A}.Release|Any CPU.Build.0 = Release|Any CPU
	EndGlobalSection
	GlobalSection(SolutionProperties) = preSolution
		HideSolutionNode = FALSE
	EndGlobalSection
	GlobalSection(ExtensibilityGlobals) = postSolution
		SolutionGuid = {D74FE038-74D0-42B1-8A8B-6E6AC63390BC}
	EndGlobalSection
EndGlobal
